# This file is generated by running "yarn install" inside your project.
# Manual changes might be lost - proceed with caution!

__metadata:
  version: 6
  cacheKey: 8

"@babel/runtime@npm:^7.21.0":
  version: 7.24.0
  resolution: "@babel/runtime@npm:7.24.0"
  dependencies:
    regenerator-runtime: ^0.14.0
  checksum: 7a6a5d40fbdd68491ec183ba2e631c07415119960083b4fd76564cce3751e9acd2f12ab89575e38496fa389fa06d458732776e69ee1858e366cc3fbdb049f847
  languageName: node
  linkType: hard

"@epfl-si/appauth@npm:^0.11.0":
  version: 0.11.0
  resolution: "@epfl-si/appauth@npm:0.11.0"
  dependencies:
    "@openid/appauth": ^1.3.1
    core-js: ^3.25.5
    resolvable-promise: ^2.0.3
  checksum: ee264515a3a2238ab765673182e297fd2c7c141695e1681988663ca195f47b83eba8c9291a617dfc9bb57280163fee70203a8f3e5135823a59c263b8dfcbbdce
  languageName: node
  linkType: hard

"@epfl-si/react-appauth@npm:^0.13.0":
  version: 0.13.0
  resolution: "@epfl-si/react-appauth@npm:0.13.0"
  dependencies:
    "@epfl-si/appauth": ^0.11.0
    "@openid/appauth": ^1.3.1
    core-js: ^3.25.5
    resolvable-promise: ^2.0.3
    use-async-effect: ^2.2.7
  peerDependencies:
    react: 17 - 19
  checksum: a4aaae74d5b2a84f40440f7a006941310cc9f91fb3d45913b0c33e2a9306adbbcfafdb68085cea852995d8254ad660713e6334ddf5f02c1f7e9be5e84f7bd665
  languageName: node
  linkType: hard

"@esbuild/android-arm@npm:0.15.18":
  version: 0.15.18
  resolution: "@esbuild/android-arm@npm:0.15.18"
  conditions: os=android & cpu=arm
  languageName: node
  linkType: hard

"@esbuild/linux-loong64@npm:0.15.18":
  version: 0.15.18
  resolution: "@esbuild/linux-loong64@npm:0.15.18"
  conditions: os=linux & cpu=loong64
  languageName: node
  linkType: hard

"@openid/appauth@npm:^1.3.1":
  version: 1.3.1
  resolution: "@openid/appauth@npm:1.3.1"
  dependencies:
    "@types/base64-js": ^1.3.0
    "@types/jquery": ^3.5.5
    base64-js: ^1.5.1
    follow-redirects: ^1.13.3
    form-data: ^4.0.0
    opener: ^1.5.2
  checksum: ecc2b732583852f7d21338878ac64e5c28e57bba82aee164601cc14f8c5543180be7908e646ded9308e2310a80a4d357dccadd24bcd7457914cc8b48c09df2e0
  languageName: node
  linkType: hard

"@selectize/selectize@npm:^0.13.6":
  version: 0.13.6
  resolution: "@selectize/selectize@npm:0.13.6"
  dependencies:
    "@selectize/sifter": ^0.6.2
    jquery-ui: ^1.13.0
    microplugin: 0.0.3
  peerDependencies:
    jquery: ^1.7.0 || ^2 || ^3
  dependenciesMeta:
    jquery-ui:
      optional: true
  checksum: c83a007618fd5c2ca364a3991d39ddd7e02dd2c7869dcc43f9f12b4ab4a47681f29d2d9a838120a003f83bfad2e18214b6e83a3b92242138c5f631ce45298f83
  languageName: node
  linkType: hard

"@selectize/sifter@npm:^0.6.2":
  version: 0.6.2
  resolution: "@selectize/sifter@npm:0.6.2"
  dependencies:
    async: ^3.2.3
    cardinal: ^2.1.1
    csv-parse: ^5.0.4
    humanize: ^0.0.9
    optimist: ^0.5.2
  bin:
    sifter: bin/sifter.js
  checksum: feab7dc25722f41852647bf5089ebda45eaff9dedc89d2ac3791429e77d060fcf38c5601fee9786aa513421935efdb5344fa904734be80164ab88dca425f4340
  languageName: node
  linkType: hard

"@types/base64-js@npm:^1.3.0":
  version: 1.3.2
  resolution: "@types/base64-js@npm:1.3.2"
  checksum: 2081c32bb357cee5b39238aa96bd008722d7d88f0175cd13d06e1aa76ebc64aaa916bf463f7f0da90bae4f0aaa8cd2ba1bbcd9da9bea2112490372217175d79d
  languageName: node
  linkType: hard

"@types/jquery@npm:^3.5.5":
  version: 3.5.29
  resolution: "@types/jquery@npm:3.5.29"
  dependencies:
    "@types/sizzle": "*"
  checksum: 5e959762d6f7050b07b4387b6507a308113384566a77cfc4f8d0f54c2fb0a79f6bc8c057706c6aa4840cde56f32ad0e5814fb53c5f078c5db9e01670a1ecd535
  languageName: node
  linkType: hard

"@types/prop-types@npm:*":
  version: 15.7.11
  resolution: "@types/prop-types@npm:15.7.11"
  checksum: 7519ff11d06fbf6b275029fe03fff9ec377b4cb6e864cac34d87d7146c7f5a7560fd164bdc1d2dbe00b60c43713631251af1fd3d34d46c69cd354602bc0c7c54
  languageName: node
  linkType: hard

"@types/react-dom@npm:^18.0.6":
  version: 18.2.19
  resolution: "@types/react-dom@npm:18.2.19"
  dependencies:
    "@types/react": "*"
  checksum: 087a19d8e4c1c0900ec4ac5ddb749a811a38274b25683d233c11755d2895cc6e475e8bf9bea3dee36519769298e078d4c2feab9ab4bd13b26bc2a6170716437e
  languageName: node
  linkType: hard

"@types/react@npm:*, @types/react@npm:^18.0.20":
  version: 18.2.61
  resolution: "@types/react@npm:18.2.61"
  dependencies:
    "@types/prop-types": "*"
    "@types/scheduler": "*"
    csstype: ^3.0.2
  checksum: a100c09bc0d6d1a0a42b3fa0944b71d209b5adea6515fc21109972ec3267185372cc416c0467b1998afce6b90fc80f4c0029b5d975afb0b3070d864c7a924a5e
  languageName: node
  linkType: hard

"@types/scheduler@npm:*":
  version: 0.16.8
  resolution: "@types/scheduler@npm:0.16.8"
  checksum: 6c091b096daa490093bf30dd7947cd28e5b2cd612ec93448432b33f724b162587fed9309a0acc104d97b69b1d49a0f3fc755a62282054d62975d53d7fd13472d
  languageName: node
  linkType: hard

"@types/sizzle@npm:*":
  version: 2.3.8
  resolution: "@types/sizzle@npm:2.3.8"
  checksum: 2ac62443dc917f5f903cbd9afc51c7d6cc1c6569b4e1a15faf04aea5b13b486e7f208650014c3dc4fed34653eded3e00fe5abffe0e6300cbf0e8a01beebf11a6
  languageName: node
  linkType: hard

"ansi-regex@npm:^5.0.1":
  version: 5.0.1
  resolution: "ansi-regex@npm:5.0.1"
  checksum: 2aa4bb54caf2d622f1afdad09441695af2a83aa3fe8b8afa581d205e57ed4261c183c4d3877cee25794443fde5876417d859c108078ab788d6af7e4fe52eb66b
  languageName: node
  linkType: hard

"ansi-styles@npm:^4.0.0, ansi-styles@npm:^4.1.0":
  version: 4.3.0
  resolution: "ansi-styles@npm:4.3.0"
  dependencies:
    color-convert: ^2.0.1
  checksum: 513b44c3b2105dd14cc42a19271e80f386466c4be574bccf60b627432f9198571ebf4ab1e4c3ba17347658f4ee1711c163d574248c0c1cdc2d5917a0ad582ec4
  languageName: node
  linkType: hard

"ansicolors@npm:~0.3.2":
  version: 0.3.2
  resolution: "ansicolors@npm:0.3.2"
  checksum: e84fae7ebc27ac96d9dbb57f35f078cd6dde1b7046b0f03f73dcefc9fbb1f2e82e3685d083466aded8faf038f9fa9ebb408d215282bcd7aaa301d5ac3c486815
  languageName: node
  linkType: hard

"async@npm:^3.2.3":
  version: 3.2.5
  resolution: "async@npm:3.2.5"
  checksum: 5ec77f1312301dee02d62140a6b1f7ee0edd2a0f983b6fd2b0849b969f245225b990b47b8243e7b9ad16451a53e7f68e753700385b706198ced888beedba3af4
  languageName: node
  linkType: hard

"asynckit@npm:^0.4.0":
  version: 0.4.0
  resolution: "asynckit@npm:0.4.0"
  checksum: 7b78c451df768adba04e2d02e63e2d0bf3b07adcd6e42b4cf665cb7ce899bedd344c69a1dcbce355b5f972d597b25aaa1c1742b52cffd9caccb22f348114f6be
  languageName: node
  linkType: hard

"base64-js@npm:^1.5.1":
  version: 1.5.1
  resolution: "base64-js@npm:1.5.1"
  checksum: 669632eb3745404c2f822a18fc3a0122d2f9a7a13f7fb8b5823ee19d1d2ff9ee5b52c53367176ea4ad093c332fd5ab4bd0ebae5a8e27917a4105a4cfc86b1005
  languageName: node
  linkType: hard

"bootstrap@npm:^4.6.2":
  version: 4.6.2
  resolution: "bootstrap@npm:4.6.2"
  peerDependencies:
    jquery: 1.9.1 - 3
    popper.js: ^1.16.1
  checksum: 3f4e7768ff7d618c49d4bf4f02aa54a9bfb679d4eecb0f3854fa4af1a17b9114b147009c435946432cdd1572efffc71d88ec385c55943a12fa66253cde0876b0
  languageName: node
  linkType: hard

"cardinal@npm:^2.1.1":
  version: 2.1.1
  resolution: "cardinal@npm:2.1.1"
  dependencies:
    ansicolors: ~0.3.2
    redeyed: ~2.1.0
  bin:
    cdl: ./bin/cdl.js
  checksum: e8d4ae46439cf8fed481c0efd267711ee91e199aa7821a9143e784ed94a6495accd01a0b36d84d377e8ee2cc9928a6c9c123b03be761c60b805f2c026b8a99ad
  languageName: node
  linkType: hard

"chalk@npm:^4.1.2":
  version: 4.1.2
  resolution: "chalk@npm:4.1.2"
  dependencies:
    ansi-styles: ^4.1.0
    supports-color: ^7.1.0
  checksum: fe75c9d5c76a7a98d45495b91b2172fa3b7a09e0cc9370e5c8feb1c567b85c4288e2b3fded7cfdd7359ac28d6b3844feb8b82b8686842e93d23c827c417e83fc
  languageName: node
  linkType: hard

"classnames@npm:^2.2.5":
  version: 2.5.1
  resolution: "classnames@npm:2.5.1"
  checksum: da424a8a6f3a96a2e87d01a432ba19315503294ac7e025f9fece656db6b6a0f7b5003bb1fbb51cbb0d9624d964f1b9bb35a51c73af9b2434c7b292c42231c1e5
  languageName: node
  linkType: hard

"clipboard@npm:^2.0.6":
  version: 2.0.11
  resolution: "clipboard@npm:2.0.11"
  dependencies:
    good-listener: ^1.2.2
    select: ^1.1.2
    tiny-emitter: ^2.0.0
  checksum: 413055a6038e43898e0e895216b58ed54fbf386f091cb00188875ef35b186cefbd258acdf4cb4b0ac87cbc00de936f41b45dde9fe1fd1a57f7babb28363b8748
  languageName: node
  linkType: hard

"cliui@npm:^8.0.1":
  version: 8.0.1
  resolution: "cliui@npm:8.0.1"
  dependencies:
    string-width: ^4.2.0
    strip-ansi: ^6.0.1
    wrap-ansi: ^7.0.0
  checksum: 79648b3b0045f2e285b76fb2e24e207c6db44323581e421c3acbd0e86454cba1b37aea976ab50195a49e7384b871e6dfb2247ad7dec53c02454ac6497394cb56
  languageName: node
  linkType: hard

"color-convert@npm:^2.0.1":
  version: 2.0.1
  resolution: "color-convert@npm:2.0.1"
  dependencies:
    color-name: ~1.1.4
  checksum: 79e6bdb9fd479a205c71d89574fccfb22bd9053bd98c6c4d870d65c132e5e904e6034978e55b43d69fcaa7433af2016ee203ce76eeba9cfa554b373e7f7db336
  languageName: node
  linkType: hard

"color-name@npm:~1.1.4":
  version: 1.1.4
  resolution: "color-name@npm:1.1.4"
  checksum: b0445859521eb4021cd0fb0cc1a75cecf67fceecae89b63f62b201cca8d345baf8b952c966862a9d9a2632987d4f6581f0ec8d957dfacece86f0a7919316f610
  languageName: node
  linkType: hard

"combined-stream@npm:^1.0.8":
  version: 1.0.8
  resolution: "combined-stream@npm:1.0.8"
  dependencies:
    delayed-stream: ~1.0.0
  checksum: 49fa4aeb4916567e33ea81d088f6584749fc90c7abec76fd516bf1c5aa5c79f3584b5ba3de6b86d26ddd64bae5329c4c7479343250cfe71c75bb366eae53bb7c
  languageName: node
  linkType: hard

"concurrently@npm:^8.2.2":
  version: 8.2.2
  resolution: "concurrently@npm:8.2.2"
  dependencies:
    chalk: ^4.1.2
    date-fns: ^2.30.0
    lodash: ^4.17.21
    rxjs: ^7.8.1
    shell-quote: ^1.8.1
    spawn-command: 0.0.2
    supports-color: ^8.1.1
    tree-kill: ^1.2.2
    yargs: ^17.7.2
  bin:
    conc: dist/bin/concurrently.js
    concurrently: dist/bin/concurrently.js
  checksum: 8ac774df06869773438f1bf91025180c52d5b53139bc86cf47659136c0d97461d0579c515d848d1e945d4e3e0cafe646b2ea18af8d74259b46abddcfe39b2c6c
  languageName: node
  linkType: hard

"cookieconsent@npm:^3.1.1":
  version: 3.1.1
  resolution: "cookieconsent@npm:3.1.1"
  checksum: fe116972b901011ff03025b9fa9ed96ad8e570853cbb17b4ea86cc7713ab1944b884ebf2ff44f34da8c7f07d0b235b8491cde3327571fdd6f583c961a7694557
  languageName: node
  linkType: hard

"core-js@npm:^3.1.3, core-js@npm:^3.25.5":
  version: 3.36.0
  resolution: "core-js@npm:3.36.0"
  checksum: 48c807d5055ad0424f52d13583e96ddca2efcdc4e3cd9c479d60f269c8fe225191cd4e26a4593f43f7ef6dba08d161091147ecf8ae0300c15bc648a4f555217b
  languageName: node
  linkType: hard

"csstype@npm:^3.0.2":
  version: 3.1.3
  resolution: "csstype@npm:3.1.3"
  checksum: 8db785cc92d259102725b3c694ec0c823f5619a84741b5c7991b8ad135dfaa66093038a1cc63e03361a6cd28d122be48f2106ae72334e067dd619a51f49eddf7
  languageName: node
  linkType: hard

"csv-parse@npm:^5.0.4":
  version: 5.5.5
  resolution: "csv-parse@npm:5.5.5"
  checksum: 9e76b3dc3dbbf0a9b1c3529843e3891f0da23d094bdb0540a3d8f4083d00110dd545399f9cf510498def6c1fc7012cc6bc00046d281f16d705add64099467973
  languageName: node
  linkType: hard

"date-fns@npm:^2.30.0":
  version: 2.30.0
  resolution: "date-fns@npm:2.30.0"
  dependencies:
    "@babel/runtime": ^7.21.0
  checksum: f7be01523282e9bb06c0cd2693d34f245247a29098527d4420628966a2d9aad154bd0e90a6b1cf66d37adcb769cd108cf8a7bd49d76db0fb119af5cdd13644f4
  languageName: node
  linkType: hard

"delayed-stream@npm:~1.0.0":
  version: 1.0.0
  resolution: "delayed-stream@npm:1.0.0"
  checksum: 46fe6e83e2cb1d85ba50bd52803c68be9bd953282fa7096f51fc29edd5d67ff84ff753c51966061e5ba7cb5e47ef6d36a91924eddb7f3f3483b1c560f77a0020
  languageName: node
  linkType: hard

"delegate@npm:^3.1.2":
  version: 3.2.0
  resolution: "delegate@npm:3.2.0"
  checksum: d943058fe05897228b158cbd1bab05164df28c8f54127873231d6b03b0a5acc1b3ee1f98ac70ccc9b79cd84aa47118a7de111fee2923753491583905069da27d
  languageName: node
  linkType: hard

"desandro-matches-selector@npm:^2.0.0":
  version: 2.0.2
  resolution: "desandro-matches-selector@npm:2.0.2"
  checksum: 30979e6b45d7720d259d4db11ec026fcbee242deee5ec0944c265d7e386a7358ab29f7417cbc3631830d0dbe6e827940dee31f789ed865dba22880d209fc9f8e
  languageName: node
  linkType: hard

"emoji-regex@npm:^8.0.0":
  version: 8.0.0
  resolution: "emoji-regex@npm:8.0.0"
  checksum: d4c5c39d5a9868b5fa152f00cada8a936868fd3367f33f71be515ecee4c803132d11b31a6222b2571b1e5f7e13890156a94880345594d0ce7e3c9895f560f192
  languageName: node
  linkType: hard

"epfl-elements@npm:^4.2.0":
  version: 4.7.0
  resolution: "epfl-elements@npm:4.7.0"
  dependencies:
    "@selectize/selectize": ^0.13.6
    bootstrap: ^4.6.2
    clipboard: ^2.0.6
    cookieconsent: ^3.1.1
    feather-icons: ^4.29.0
    flickity: 2.2.2
    flickity-as-nav-for: ^2.0.1
    flickity-fullscreen: ^1.1.1
    imagesloaded: ^4.1.4
    intro.js: ^2.9.3
    jquery: ^3.7.1
    jquery-mousewheel: ^3.1.13
    multiple-select: ^1.5.2
    object-fit-images: ^3.2.4
    pickadate: ^3.6.4
    popper.js: ^1.16.1
    tablesaw: ^3.1.2
  checksum: 1a9736b429dd4ff4a6fe08b099f940e7e5fe88375d2826ce2e695af92dcca5a2a56bfd28fd7a8682a2976b8f43b40d6ff3295dbe057a97860dc804ccf7db7c81
  languageName: node
  linkType: hard

"esbuild-android-64@npm:0.15.18":
  version: 0.15.18
  resolution: "esbuild-android-64@npm:0.15.18"
  conditions: os=android & cpu=x64
  languageName: node
  linkType: hard

"esbuild-android-arm64@npm:0.15.18":
  version: 0.15.18
  resolution: "esbuild-android-arm64@npm:0.15.18"
  conditions: os=android & cpu=arm64
  languageName: node
  linkType: hard

"esbuild-darwin-64@npm:0.15.18":
  version: 0.15.18
  resolution: "esbuild-darwin-64@npm:0.15.18"
  conditions: os=darwin & cpu=x64
  languageName: node
  linkType: hard

"esbuild-darwin-arm64@npm:0.15.18":
  version: 0.15.18
  resolution: "esbuild-darwin-arm64@npm:0.15.18"
  conditions: os=darwin & cpu=arm64
  languageName: node
  linkType: hard

"esbuild-freebsd-64@npm:0.15.18":
  version: 0.15.18
  resolution: "esbuild-freebsd-64@npm:0.15.18"
  conditions: os=freebsd & cpu=x64
  languageName: node
  linkType: hard

"esbuild-freebsd-arm64@npm:0.15.18":
  version: 0.15.18
  resolution: "esbuild-freebsd-arm64@npm:0.15.18"
  conditions: os=freebsd & cpu=arm64
  languageName: node
  linkType: hard

"esbuild-linux-32@npm:0.15.18":
  version: 0.15.18
  resolution: "esbuild-linux-32@npm:0.15.18"
  conditions: os=linux & cpu=ia32
  languageName: node
  linkType: hard

"esbuild-linux-64@npm:0.15.18":
  version: 0.15.18
  resolution: "esbuild-linux-64@npm:0.15.18"
  conditions: os=linux & cpu=x64
  languageName: node
  linkType: hard

"esbuild-linux-arm64@npm:0.15.18":
  version: 0.15.18
  resolution: "esbuild-linux-arm64@npm:0.15.18"
  conditions: os=linux & cpu=arm64
  languageName: node
  linkType: hard

"esbuild-linux-arm@npm:0.15.18":
  version: 0.15.18
  resolution: "esbuild-linux-arm@npm:0.15.18"
  conditions: os=linux & cpu=arm
  languageName: node
  linkType: hard

"esbuild-linux-mips64le@npm:0.15.18":
  version: 0.15.18
  resolution: "esbuild-linux-mips64le@npm:0.15.18"
  conditions: os=linux & cpu=mips64el
  languageName: node
  linkType: hard

"esbuild-linux-ppc64le@npm:0.15.18":
  version: 0.15.18
  resolution: "esbuild-linux-ppc64le@npm:0.15.18"
  conditions: os=linux & cpu=ppc64
  languageName: node
  linkType: hard

"esbuild-linux-riscv64@npm:0.15.18":
  version: 0.15.18
  resolution: "esbuild-linux-riscv64@npm:0.15.18"
  conditions: os=linux & cpu=riscv64
  languageName: node
  linkType: hard

"esbuild-linux-s390x@npm:0.15.18":
  version: 0.15.18
  resolution: "esbuild-linux-s390x@npm:0.15.18"
  conditions: os=linux & cpu=s390x
  languageName: node
  linkType: hard

"esbuild-netbsd-64@npm:0.15.18":
  version: 0.15.18
  resolution: "esbuild-netbsd-64@npm:0.15.18"
  conditions: os=netbsd & cpu=x64
  languageName: node
  linkType: hard

"esbuild-openbsd-64@npm:0.15.18":
  version: 0.15.18
  resolution: "esbuild-openbsd-64@npm:0.15.18"
  conditions: os=openbsd & cpu=x64
  languageName: node
  linkType: hard

"esbuild-sunos-64@npm:0.15.18":
  version: 0.15.18
  resolution: "esbuild-sunos-64@npm:0.15.18"
  conditions: os=sunos & cpu=x64
  languageName: node
  linkType: hard

"esbuild-windows-32@npm:0.15.18":
  version: 0.15.18
  resolution: "esbuild-windows-32@npm:0.15.18"
  conditions: os=win32 & cpu=ia32
  languageName: node
  linkType: hard

"esbuild-windows-64@npm:0.15.18":
  version: 0.15.18
  resolution: "esbuild-windows-64@npm:0.15.18"
  conditions: os=win32 & cpu=x64
  languageName: node
  linkType: hard

"esbuild-windows-arm64@npm:0.15.18":
  version: 0.15.18
  resolution: "esbuild-windows-arm64@npm:0.15.18"
  conditions: os=win32 & cpu=arm64
  languageName: node
  linkType: hard

"esbuild@npm:^0.15.12":
  version: 0.15.18
  resolution: "esbuild@npm:0.15.18"
  dependencies:
    "@esbuild/android-arm": 0.15.18
    "@esbuild/linux-loong64": 0.15.18
    esbuild-android-64: 0.15.18
    esbuild-android-arm64: 0.15.18
    esbuild-darwin-64: 0.15.18
    esbuild-darwin-arm64: 0.15.18
    esbuild-freebsd-64: 0.15.18
    esbuild-freebsd-arm64: 0.15.18
    esbuild-linux-32: 0.15.18
    esbuild-linux-64: 0.15.18
    esbuild-linux-arm: 0.15.18
    esbuild-linux-arm64: 0.15.18
    esbuild-linux-mips64le: 0.15.18
    esbuild-linux-ppc64le: 0.15.18
    esbuild-linux-riscv64: 0.15.18
    esbuild-linux-s390x: 0.15.18
    esbuild-netbsd-64: 0.15.18
    esbuild-openbsd-64: 0.15.18
    esbuild-sunos-64: 0.15.18
    esbuild-windows-32: 0.15.18
    esbuild-windows-64: 0.15.18
    esbuild-windows-arm64: 0.15.18
  dependenciesMeta:
    "@esbuild/android-arm":
      optional: true
    "@esbuild/linux-loong64":
      optional: true
    esbuild-android-64:
      optional: true
    esbuild-android-arm64:
      optional: true
    esbuild-darwin-64:
      optional: true
    esbuild-darwin-arm64:
      optional: true
    esbuild-freebsd-64:
      optional: true
    esbuild-freebsd-arm64:
      optional: true
    esbuild-linux-32:
      optional: true
    esbuild-linux-64:
      optional: true
    esbuild-linux-arm:
      optional: true
    esbuild-linux-arm64:
      optional: true
    esbuild-linux-mips64le:
      optional: true
    esbuild-linux-ppc64le:
      optional: true
    esbuild-linux-riscv64:
      optional: true
    esbuild-linux-s390x:
      optional: true
    esbuild-netbsd-64:
      optional: true
    esbuild-openbsd-64:
      optional: true
    esbuild-sunos-64:
      optional: true
    esbuild-windows-32:
      optional: true
    esbuild-windows-64:
      optional: true
    esbuild-windows-arm64:
      optional: true
  bin:
    esbuild: bin/esbuild
  checksum: ec12682b2cb2d4f0669d0e555028b87a9284ca7f6a1b26e35e69a8697165b35cc682ad598abc70f0bbcfdc12ca84ef888caf5ceee389237862e8f8c17da85f89
  languageName: node
  linkType: hard

"escalade@npm:^3.1.1":
  version: 3.1.2
  resolution: "escalade@npm:3.1.2"
  checksum: 1ec0977aa2772075493002bdbd549d595ff6e9393b1cb0d7d6fcaf78c750da0c158f180938365486f75cb69fba20294351caddfce1b46552a7b6c3cde52eaa02
  languageName: node
  linkType: hard

"esprima@npm:~4.0.0":
  version: 4.0.1
  resolution: "esprima@npm:4.0.1"
  bin:
    esparse: ./bin/esparse.js
    esvalidate: ./bin/esvalidate.js
  checksum: b45bc805a613dbea2835278c306b91aff6173c8d034223fa81498c77dcbce3b2931bf6006db816f62eacd9fd4ea975dfd85a5b7f3c6402cfd050d4ca3c13a628
  languageName: node
  linkType: hard

"ev-emitter@npm:^1.0.0, ev-emitter@npm:^1.0.1, ev-emitter@npm:^1.1.1":
  version: 1.1.1
  resolution: "ev-emitter@npm:1.1.1"
  checksum: 3dd78a7620701ef8095794f611dd251bdd9023badf322b3d6fa5e10a660c50e83eec5ee5bbc7654682635cf7b8858c94e2c77e1d10bdc188a2b0593436403476
  languageName: node
  linkType: hard

"feather-icons@npm:^4.29.0":
  version: 4.29.1
  resolution: "feather-icons@npm:4.29.1"
  dependencies:
    classnames: ^2.2.5
    core-js: ^3.1.3
  checksum: 87c7d1b2a5049e0be1dbae27bd5d287c5abd9f4d6bc81783fa8559b2946fbd1e885f658584d0cff1879cb7bdedafaeb68e7548e2d5fcde40b9fcc74368259b92
  languageName: node
  linkType: hard

"fizzy-ui-utils@npm:^2.0.0, fizzy-ui-utils@npm:^2.0.7":
  version: 2.0.7
  resolution: "fizzy-ui-utils@npm:2.0.7"
  dependencies:
    desandro-matches-selector: ^2.0.0
  checksum: 001e54effa22c4f62728b90a25e8eb5477057ab53d0184e1c3231bbdfc7c34e278418fbcaf7d63c75ede823d82e61245e668ce8cba90e1c5699de960188c654f
  languageName: node
  linkType: hard

"flickity-as-nav-for@npm:^2.0.1":
  version: 2.0.1
  resolution: "flickity-as-nav-for@npm:2.0.1"
  dependencies:
    fizzy-ui-utils: ^2.0.0
    flickity: ^2.0.0
  checksum: 26fff8a049665fa575584d900fb8ebcb707e22c322cf4809a1795677f99aa663f29d9667b479421e0f6eb98077303ab0ebcc2dbb043359aa56b8af7b44935c20
  languageName: node
  linkType: hard

"flickity-fullscreen@npm:^1.1.1":
  version: 1.1.1
  resolution: "flickity-fullscreen@npm:1.1.1"
  dependencies:
    flickity: ^2.1.0
  checksum: 685cfacad97df5e12bb997d6a38ec49fd9fda5ff036c37728fa4ef0a4a7060b44fc028f28e2b9c039d7e523e9f1b250938a3a110c508e62fc70cbaf382efcfef
  languageName: node
  linkType: hard

"flickity@npm:2.2.2":
  version: 2.2.2
  resolution: "flickity@npm:2.2.2"
  dependencies:
    desandro-matches-selector: ^2.0.0
    ev-emitter: ^1.1.1
    fizzy-ui-utils: ^2.0.7
    get-size: ^2.0.3
    unidragger: ^2.3.0
    unipointer: ^2.3.0
  checksum: 7c59fb07d991ebee45f458f22b97803a3a8a4ed043bc0d7d4d2f444bf965496cf8594a4df9b12828670a0a7d2aadea40e39aeaeb83bdf9b2dcb2ecf37beae391
  languageName: node
  linkType: hard

"flickity@npm:^2.0.0, flickity@npm:^2.1.0":
  version: 2.3.0
  resolution: "flickity@npm:2.3.0"
  dependencies:
    desandro-matches-selector: ^2.0.0
    ev-emitter: ^1.1.1
    fizzy-ui-utils: ^2.0.7
    get-size: ^2.0.3
    unidragger: ^2.4.0
    unipointer: ^2.4.0
  checksum: bf3ffc471e8bbbb05bb1a400dd571b835f55eed35284ea623e6d7aa9eb0cac550e3986250e78730e60b7af0ffc77195d7c5fcf8c57aefeb6563556a88b07c906
  languageName: node
  linkType: hard

"follow-redirects@npm:^1.13.3":
  version: 1.15.5
  resolution: "follow-redirects@npm:1.15.5"
  peerDependenciesMeta:
    debug:
      optional: true
  checksum: 5ca49b5ce6f44338cbfc3546823357e7a70813cecc9b7b768158a1d32c1e62e7407c944402a918ea8c38ae2e78266312d617dc68783fac502cbb55e1047b34ec
  languageName: node
  linkType: hard

"form-data@npm:^4.0.0":
  version: 4.0.0
  resolution: "form-data@npm:4.0.0"
  dependencies:
    asynckit: ^0.4.0
    combined-stream: ^1.0.8
    mime-types: ^2.1.12
  checksum: 01135bf8675f9d5c61ff18e2e2932f719ca4de964e3be90ef4c36aacfc7b9cb2fceb5eca0b7e0190e3383fe51c5b37f4cb80b62ca06a99aaabfcfd6ac7c9328c
  languageName: node
  linkType: hard

"get-caller-file@npm:^2.0.5":
  version: 2.0.5
  resolution: "get-caller-file@npm:2.0.5"
  checksum: b9769a836d2a98c3ee734a88ba712e62703f1df31b94b784762c433c27a386dd6029ff55c2a920c392e33657d80191edbf18c61487e198844844516f843496b9
  languageName: node
  linkType: hard

"get-size@npm:^2.0.3":
  version: 2.0.3
  resolution: "get-size@npm:2.0.3"
  checksum: 18d5a5fdb3f541db8b1e6ad46a5411d4bb7da3061d2ef7e544db3bbce7a13543f05c91fd40c7f68b4bc4bc035c160fed23c45514cde7d5fb18de1cce10208b19
  languageName: node
  linkType: hard

"good-listener@npm:^1.2.2":
  version: 1.2.2
  resolution: "good-listener@npm:1.2.2"
  dependencies:
    delegate: ^3.1.2
  checksum: f39fb82c4e41524f56104cfd2d7aef1a88e72f3f75139115fbdf98cc7d844e0c1b39218b2e83438c6188727bf904ed78c7f0f2feff67b32833bc3af7f0202b33
  languageName: node
  linkType: hard

"has-flag@npm:^4.0.0":
  version: 4.0.0
  resolution: "has-flag@npm:4.0.0"
  checksum: 261a1357037ead75e338156b1f9452c016a37dcd3283a972a30d9e4a87441ba372c8b81f818cd0fbcd9c0354b4ae7e18b9e1afa1971164aef6d18c2b6095a8ad
  languageName: node
  linkType: hard

"hello_rails@workspace:.":
  version: 0.0.0-use.local
  resolution: "hello_rails@workspace:."
  dependencies:
    "@epfl-si/react-appauth": ^0.13.0
    "@types/react": ^18.0.20
    "@types/react-dom": ^18.0.6
    concurrently: ^8.2.2
    epfl-elements: ^4.2.0
    esbuild: ^0.15.12
    react: ^18.2.0
    react-dom: ^18.2.0
    use-async-effect: ^2.2.7
  languageName: unknown
  linkType: soft

"humanize@npm:^0.0.9":
  version: 0.0.9
  resolution: "humanize@npm:0.0.9"
  checksum: bf766ce59fb33c761b18253b472ce0c2dd10d42e7fa81ad887fcd597516040d29c787edd935ae2bac57eef6b02133893c20f917e4e4e4f00551f2730113d1df4
  languageName: node
  linkType: hard

"imagesloaded@npm:^4.1.4":
  version: 4.1.4
  resolution: "imagesloaded@npm:4.1.4"
  dependencies:
    ev-emitter: ^1.0.0
  checksum: 6c25b6c11d7595f2c5a116723cf82b99e7b1a21e0e787e4b32a5813b371152980602e9eb1ea95019d848c0e775fbd5d39fbde5e54e9a0b6e0434be503370c0a2
  languageName: node
  linkType: hard

"intro.js@npm:^2.9.3":
  version: 2.9.3
  resolution: "intro.js@npm:2.9.3"
  checksum: cca3a131ed82ecca7dd594d5e7755dc9d0b8fd5cad278c6d671b00a4c8b1295ed4b0d6e47e88245cf99e14632450f2685be6b8bc8e72a47e520181fc4bfd7d0b
  languageName: node
  linkType: hard

"is-fullwidth-code-point@npm:^3.0.0":
  version: 3.0.0
  resolution: "is-fullwidth-code-point@npm:3.0.0"
  checksum: 44a30c29457c7fb8f00297bce733f0a64cd22eca270f83e58c105e0d015e45c019491a4ab2faef91ab51d4738c670daff901c799f6a700e27f7314029e99e348
  languageName: node
  linkType: hard

"javascript-natural-sort@npm:^0.7.1":
  version: 0.7.1
  resolution: "javascript-natural-sort@npm:0.7.1"
  checksum: 161e2c512cc7884bc055a582c6645d9032cab88497a76123d73cb23bfb03d97a04cf7772ecdb8bd3366fc07192c2f996366f479f725c23ef073fffe03d6a586a
  languageName: node
  linkType: hard

"jquery-mousewheel@npm:^3.1.13":
  version: 3.1.13
  resolution: "jquery-mousewheel@npm:3.1.13"
  checksum: 3be0b9320a8846d64bfc705c6b23eb6489dc0d5ba73800a94c7aafbc82f54d103a0909f0d619756adc124b48b6158ff8e601619dd4aaef213e0c68818cb99b21
  languageName: node
  linkType: hard

"jquery-ui@npm:^1.13.0":
  version: 1.13.2
  resolution: "jquery-ui@npm:1.13.2"
  dependencies:
    jquery: ">=1.8.0 <4.0.0"
  checksum: 0d04a4b86e703d6ff71bcc37335f99be137b03fa24fa22f00f61f5aac132e7143b7d6dd9973ad4f72366e102826e417bc3d88c1640f7dd824961a7131bd3966a
  languageName: node
  linkType: hard

"jquery@npm:>=1.7, jquery@npm:>=1.8.0 <4.0.0, jquery@npm:^3.7.1":
  version: 3.7.1
  resolution: "jquery@npm:3.7.1"
  checksum: 4370b8139d6ae82867eb6f7f21d1edccf1d1bdf41c0840920ea80d366c2cd5dbe1ceebb110ee9772aa839b04400faa1572c5c560b507c688ed7b61cea26c0e27
  languageName: node
  linkType: hard

"js-tokens@npm:^3.0.0 || ^4.0.0":
  version: 4.0.0
  resolution: "js-tokens@npm:4.0.0"
  checksum: 8a95213a5a77deb6cbe94d86340e8d9ace2b93bc367790b260101d2f36a2eaf4e4e22d9fa9cf459b38af3a32fb4190e638024cf82ec95ef708680e405ea7cc78
  languageName: node
  linkType: hard

"lodash@npm:^4.17.21":
  version: 4.17.21
  resolution: "lodash@npm:4.17.21"
  checksum: eb835a2e51d381e561e508ce932ea50a8e5a68f4ebdd771ea240d3048244a8d13658acbd502cd4829768c56f2e16bdd4340b9ea141297d472517b83868e677f7
  languageName: node
  linkType: hard

"loose-envify@npm:^1.1.0":
  version: 1.4.0
  resolution: "loose-envify@npm:1.4.0"
  dependencies:
    js-tokens: ^3.0.0 || ^4.0.0
  bin:
    loose-envify: cli.js
  checksum: 6517e24e0cad87ec9888f500c5b5947032cdfe6ef65e1c1936a0c48a524b81e65542c9c3edc91c97d5bddc806ee2a985dbc79be89215d613b1de5db6d1cfe6f4
  languageName: node
  linkType: hard

"microplugin@npm:0.0.3":
  version: 0.0.3
  resolution: "microplugin@npm:0.0.3"
  checksum: ea7f8a8c01767dbc7862298492701c047f156c27f3ede8bc51e8e0f5ce552ef02c8380b9d14e331e920bdd217bd13bb585caf285b9b67661c1dcc5aad755cd74
  languageName: node
  linkType: hard

"mime-db@npm:1.52.0":
  version: 1.52.0
  resolution: "mime-db@npm:1.52.0"
  checksum: 0d99a03585f8b39d68182803b12ac601d9c01abfa28ec56204fa330bc9f3d1c5e14beb049bafadb3dbdf646dfb94b87e24d4ec7b31b7279ef906a8ea9b6a513f
  languageName: node
  linkType: hard

"mime-types@npm:^2.1.12":
  version: 2.1.35
  resolution: "mime-types@npm:2.1.35"
  dependencies:
    mime-db: 1.52.0
  checksum: 89a5b7f1def9f3af5dad6496c5ed50191ae4331cc5389d7c521c8ad28d5fdad2d06fd81baf38fed813dc4e46bb55c8145bb0ff406330818c9cf712fb2e9b3836
  languageName: node
  linkType: hard

"multiple-select@npm:^1.5.2":
  version: 1.7.0
  resolution: "multiple-select@npm:1.7.0"
  peerDependencies:
    jquery: 1.9.1 - 3
  checksum: a4b65bc090f0cfaa99f7a2a4814b77281452c80c757d79f7a8a820804dfce9903b56847ef44392973772bf39d88fcb012c250d6393855e123c0eca93887c4b39
  languageName: node
  linkType: hard

"object-fit-images@npm:^3.2.4":
  version: 3.2.4
  resolution: "object-fit-images@npm:3.2.4"
  checksum: a1adab3e09fdc4f5addbd0895eeffbaa5018ffabb95382cd1bbf86bb813d21ca575ec4be4fdc5470fdaa25579a781748fd0b37308156d3605004256497d2d264
  languageName: node
  linkType: hard

"opener@npm:^1.5.2":
  version: 1.5.2
  resolution: "opener@npm:1.5.2"
  bin:
    opener: bin/opener-bin.js
  checksum: 33b620c0d53d5b883f2abc6687dd1c5fd394d270dbe33a6356f2d71e0a2ec85b100d5bac94694198ccf5c30d592da863b2292c5539009c715a9c80c697b4f6cc
  languageName: node
  linkType: hard

"optimist@npm:^0.5.2":
  version: 0.5.2
  resolution: "optimist@npm:0.5.2"
  dependencies:
    wordwrap: ~0.0.2
  checksum: 3af8dca14bd12fcf1d3d3e5fd6702c7ecb8d54829fdeb6b425478d316c96cd02a29e0976355aed4043a4500bd6e18c6f1a05a86f044ff157d3072eb6375dc104
  languageName: node
  linkType: hard

"pickadate@npm:^3.6.4":
  version: 3.6.4
  resolution: "pickadate@npm:3.6.4"
  dependencies:
    jquery: ">=1.7"
  checksum: bfd6fe10d90b845ba9de4f189c380b827ee5be4417f9d2088293c3a74b82effe233a7ec1516c5346d2927c64f7e487305927d4d1fbdd043d7920be9c4c52377b
  languageName: node
  linkType: hard

"popper.js@npm:^1.16.1":
  version: 1.16.1
  resolution: "popper.js@npm:1.16.1"
  checksum: c56ae5001ec50a77ee297a8061a0221d99d25c7348d2e6bcd3e45a0d0f32a1fd81bca29d46cb0d4bdf13efb77685bd6a0ce93f9eb3c608311a461f945fffedbe
  languageName: node
  linkType: hard

"react-dom@npm:^18.2.0":
  version: 18.2.0
  resolution: "react-dom@npm:18.2.0"
  dependencies:
    loose-envify: ^1.1.0
    scheduler: ^0.23.0
  peerDependencies:
    react: ^18.2.0
  checksum: 7d323310bea3a91be2965f9468d552f201b1c27891e45ddc2d6b8f717680c95a75ae0bc1e3f5cf41472446a2589a75aed4483aee8169287909fcd59ad149e8cc
  languageName: node
  linkType: hard

"react@npm:^18.2.0":
  version: 18.2.0
  resolution: "react@npm:18.2.0"
  dependencies:
    loose-envify: ^1.1.0
  checksum: 88e38092da8839b830cda6feef2e8505dec8ace60579e46aa5490fc3dc9bba0bd50336507dc166f43e3afc1c42939c09fe33b25fae889d6f402721dcd78fca1b
  languageName: node
  linkType: hard

"redeyed@npm:~2.1.0":
  version: 2.1.1
  resolution: "redeyed@npm:2.1.1"
  dependencies:
    esprima: ~4.0.0
  checksum: 39a1426e377727cfb47a0e24e95c1cf78d969fbc388dc1e0fa1e2ef8a8756450cefb8b0c2598f63b85f1a331986fca7604c0db798427a5775a1dbdb9c1291979
  languageName: node
  linkType: hard

"regenerator-runtime@npm:^0.14.0":
  version: 0.14.1
  resolution: "regenerator-runtime@npm:0.14.1"
  checksum: 9f57c93277b5585d3c83b0cf76be47b473ae8c6d9142a46ce8b0291a04bb2cf902059f0f8445dcabb3fb7378e5fe4bb4ea1e008876343d42e46d3b484534ce38
  languageName: node
  linkType: hard

"require-directory@npm:^2.1.1":
  version: 2.1.1
  resolution: "require-directory@npm:2.1.1"
  checksum: fb47e70bf0001fdeabdc0429d431863e9475e7e43ea5f94ad86503d918423c1543361cc5166d713eaa7029dd7a3d34775af04764bebff99ef413111a5af18c80
  languageName: node
  linkType: hard

"resolvable-promise@npm:^2.0.3":
  version: 2.0.3
  resolution: "resolvable-promise@npm:2.0.3"
  checksum: 65c905f5df804e17ee8c7227471c50aefb71676c5ad58417780e6e2730804f03465ba1c5b95371d419677cd85331040a8b60a4bfd59feece641b27a41befb9ec
  languageName: node
  linkType: hard

"rxjs@npm:^7.8.1":
  version: 7.8.1
  resolution: "rxjs@npm:7.8.1"
  dependencies:
    tslib: ^2.1.0
  checksum: de4b53db1063e618ec2eca0f7965d9137cabe98cf6be9272efe6c86b47c17b987383df8574861bcced18ebd590764125a901d5506082be84a8b8e364bf05f119
  languageName: node
  linkType: hard

"scheduler@npm:^0.23.0":
  version: 0.23.0
  resolution: "scheduler@npm:0.23.0"
  dependencies:
    loose-envify: ^1.1.0
  checksum: d79192eeaa12abef860c195ea45d37cbf2bbf5f66e3c4dcd16f54a7da53b17788a70d109ee3d3dde1a0fd50e6a8fc171f4300356c5aee4fc0171de526bf35f8a
  languageName: node
  linkType: hard

"select@npm:^1.1.2":
  version: 1.1.2
  resolution: "select@npm:1.1.2"
  checksum: 4346151e94f226ea6131e44e68e6d837f3fdee64831b756dd657cc0b02f4cb5107f867cb34a1d1216ab7737d0bf0645d44546afb030bbd8d64e891f5e4c4814e
  languageName: node
  linkType: hard

"shell-quote@npm:^1.8.1":
  version: 1.8.1
  resolution: "shell-quote@npm:1.8.1"
  checksum: 5f01201f4ef504d4c6a9d0d283fa17075f6770bfbe4c5850b074974c68062f37929ca61700d95ad2ac8822e14e8c4b990ca0e6e9272e64befd74ce5e19f0736b
  languageName: node
  linkType: hard

"shoestring@npm:^2.0.0":
  version: 2.0.1
  resolution: "shoestring@npm:2.0.1"
  checksum: cb8907c0a812c6372cfb1b2bb4410f85ddc77373d03066ed1622c78f337af4cc413b3a5593c93d36c11e7d737638ec3b7f433bf13b2e5711127d1f4b0570bcaf
  languageName: node
  linkType: hard

"spawn-command@npm:0.0.2":
  version: 0.0.2
  resolution: "spawn-command@npm:0.0.2"
  checksum: e35c5d28177b4d461d33c88cc11f6f3a5079e2b132c11e1746453bbb7a0c0b8a634f07541a2a234fa4758239d88203b758def509161b651e81958894c0b4b64b
  languageName: node
  linkType: hard

"string-width@npm:^4.1.0, string-width@npm:^4.2.0, string-width@npm:^4.2.3":
  version: 4.2.3
  resolution: "string-width@npm:4.2.3"
  dependencies:
    emoji-regex: ^8.0.0
    is-fullwidth-code-point: ^3.0.0
    strip-ansi: ^6.0.1
  checksum: e52c10dc3fbfcd6c3a15f159f54a90024241d0f149cf8aed2982a2d801d2e64df0bf1dc351cf8e95c3319323f9f220c16e740b06faecd53e2462df1d2b5443fb
  languageName: node
  linkType: hard

"strip-ansi@npm:^6.0.0, strip-ansi@npm:^6.0.1":
  version: 6.0.1
  resolution: "strip-ansi@npm:6.0.1"
  dependencies:
    ansi-regex: ^5.0.1
  checksum: f3cd25890aef3ba6e1a74e20896c21a46f482e93df4a06567cebf2b57edabb15133f1f94e57434e0a958d61186087b1008e89c94875d019910a213181a14fc8c
  languageName: node
  linkType: hard

"supports-color@npm:^7.1.0":
  version: 7.2.0
  resolution: "supports-color@npm:7.2.0"
  dependencies:
    has-flag: ^4.0.0
  checksum: 3dda818de06ebbe5b9653e07842d9479f3555ebc77e9a0280caf5a14fb877ffee9ed57007c3b78f5a6324b8dbeec648d9e97a24e2ed9fdb81ddc69ea07100f4a
  languageName: node
  linkType: hard

"supports-color@npm:^8.1.1":
  version: 8.1.1
  resolution: "supports-color@npm:8.1.1"
  dependencies:
    has-flag: ^4.0.0
  checksum: c052193a7e43c6cdc741eb7f378df605636e01ad434badf7324f17fb60c69a880d8d8fcdcb562cf94c2350e57b937d7425ab5b8326c67c2adc48f7c87c1db406
  languageName: node
  linkType: hard

"tablesaw@npm:^3.1.2":
  version: 3.1.2
  resolution: "tablesaw@npm:3.1.2"
  dependencies:
    javascript-natural-sort: ^0.7.1
    shoestring: ^2.0.0
  dependenciesMeta:
    javascript-natural-sort:
      optional: true
  checksum: c128d2139aae4c120a4de91b8f96fea0310a34318bb87f3b59898e38942565bd64620c8721940b1d4f810b8c3fae8fc815cce85c42ec6d528086d33035d91fcb
  languageName: node
  linkType: hard

"tiny-emitter@npm:^2.0.0":
  version: 2.1.0
  resolution: "tiny-emitter@npm:2.1.0"
  checksum: fbcfb5145751a0e3b109507a828eb6d6d4501352ab7bb33eccef46e22e9d9ad3953158870a6966a59e57ab7c3f9cfac7cab8521db4de6a5e757012f4677df2dd
  languageName: node
  linkType: hard

"tree-kill@npm:^1.2.2":
  version: 1.2.2
  resolution: "tree-kill@npm:1.2.2"
  bin:
    tree-kill: cli.js
  checksum: 49117f5f410d19c84b0464d29afb9642c863bc5ba40fcb9a245d474c6d5cc64d1b177a6e6713129eb346b40aebb9d4631d967517f9fbe8251c35b21b13cd96c7
  languageName: node
  linkType: hard

"tslib@npm:^2.1.0":
  version: 2.6.2
  resolution: "tslib@npm:2.6.2"
  checksum: 329ea56123005922f39642318e3d1f0f8265d1e7fcb92c633e0809521da75eeaca28d2cf96d7248229deb40e5c19adf408259f4b9640afd20d13aecc1430f3ad
  languageName: node
  linkType: hard

"unidragger@npm:^2.3.0, unidragger@npm:^2.4.0":
  version: 2.4.0
  resolution: "unidragger@npm:2.4.0"
  dependencies:
    unipointer: ^2.4.0
  checksum: c9c5c684c93931c4c5170f13819db7847ea0979e50b89f59654313f988334d7e9e4d7fb3d343df7c4d9ba260f3fe80ccefa14d6fd68303ab7ec1b37cd10090f9
  languageName: node
  linkType: hard

"unipointer@npm:^2.3.0, unipointer@npm:^2.4.0":
  version: 2.4.0
  resolution: "unipointer@npm:2.4.0"
  dependencies:
    ev-emitter: ^1.0.1
  checksum: 82a3583850d25ff9f345c7679af87d9730f5e0bd4ceba086ec1989c7acbaae8a2900987e996f77e1f6c1c214275740598ead1792b261be14463d72f7bd1d4689
  languageName: node
  linkType: hard

"use-async-effect@npm:^2.2.7":
  version: 2.2.7
  resolution: "use-async-effect@npm:2.2.7"
  peerDependencies:
    react: ^16.8.0 || ^17.0.0 || ^18.0.0
  checksum: 81fe96df0e9db68fcf5b63a88307ba09896ddbdb6ea952fb00340d5f9d1393d06f2af4d8aa547b062cac2edaaf4bc383fc30f039054ce93bc9e61298ee52e938
  languageName: node
  linkType: hard

"wordwrap@npm:~0.0.2":
  version: 0.0.3
  resolution: "wordwrap@npm:0.0.3"
  checksum: dfc2d3512e857ae4b3bc2e8d4e5d2c285c28a4b87cd1d81c977ce9a1a99152d355807e046851a3d61148f39d877fbb889352e07b65a9cbdd2256aa928e159026
  languageName: node
  linkType: hard

"wrap-ansi@npm:^7.0.0":
  version: 7.0.0
  resolution: "wrap-ansi@npm:7.0.0"
  dependencies:
    ansi-styles: ^4.0.0
    string-width: ^4.1.0
    strip-ansi: ^6.0.0
  checksum: a790b846fd4505de962ba728a21aaeda189b8ee1c7568ca5e817d85930e06ef8d1689d49dbf0e881e8ef84436af3a88bc49115c2e2788d841ff1b8b5b51a608b
  languageName: node
  linkType: hard

"y18n@npm:^5.0.5":
  version: 5.0.8
  resolution: "y18n@npm:5.0.8"
  checksum: 54f0fb95621ee60898a38c572c515659e51cc9d9f787fb109cef6fde4befbe1c4602dc999d30110feee37456ad0f1660fa2edcfde6a9a740f86a290999550d30
  languageName: node
  linkType: hard

"yargs-parser@npm:^21.1.1":
  version: 21.1.1
  resolution: "yargs-parser@npm:21.1.1"
  checksum: ed2d96a616a9e3e1cc7d204c62ecc61f7aaab633dcbfab2c6df50f7f87b393993fe6640d017759fe112d0cb1e0119f2b4150a87305cc873fd90831c6a58ccf1c
  languageName: node
  linkType: hard

"yargs@npm:^17.7.2":
  version: 17.7.2
  resolution: "yargs@npm:17.7.2"
  dependencies:
    cliui: ^8.0.1
    escalade: ^3.1.1
    get-caller-file: ^2.0.5
    require-directory: ^2.1.1
    string-width: ^4.2.3
    y18n: ^5.0.5
    yargs-parser: ^21.1.1
  checksum: 73b572e863aa4a8cbef323dd911d79d193b772defd5a51aab0aca2d446655216f5002c42c5306033968193bdbf892a7a4c110b0d77954a7fdf563e653967b56a
  languageName: node
  linkType: hard
